{
  "version": 4,
  "terraform_version": "1.11.0",
  "serial": 11,
  "lineage": "63ec2abf-0203-f247-96d4-437e280cfb77",
  "outputs": {},
  "resources": [
    {
      "module": "module.backend-subnet",
      "mode": "managed",
      "type": "azurerm_subnet",
      "name": "Subnet-4-VM",
      "provider": "provider[\"registry.terraform.io/hashicorp/azurerm\"]",
      "instances": [
        {
          "schema_version": 0,
          "attributes": {
            "address_prefixes": [
              "10.0.2.0/24"
            ],
            "default_outbound_access_enabled": true,
            "delegation": [],
            "id": "/subscriptions/19fa1140-ae73-433b-a3e6-3aab93fcf378/resourceGroups/todo-resource-group/providers/Microsoft.Network/virtualNetworks/todo-vnet/subnets/backend-subnet",
            "name": "backend-subnet",
            "private_endpoint_network_policies": "Disabled",
            "private_link_service_network_policies_enabled": true,
            "resource_group_name": "todo-resource-group",
            "service_endpoint_policy_ids": [],
            "service_endpoints": [],
            "timeouts": null,
            "virtual_network_name": "todo-vnet"
          },
          "sensitive_attributes": [],
          "private": "eyJlMmJmYjczMC1lY2FhLTExZTYtOGY4OC0zNDM2M2JjN2M0YzAiOnsiY3JlYXRlIjoxODAwMDAwMDAwMDAwLCJkZWxldGUiOjE4MDAwMDAwMDAwMDAsInJlYWQiOjMwMDAwMDAwMDAwMCwidXBkYXRlIjoxODAwMDAwMDAwMDAwfX0=",
          "dependencies": [
            "module.resource_group.azurerm_resource_group.resource_group",
            "module.virtual_network.azurerm_virtual_network.Vnet-3-Tier"
          ]
        }
      ]
    },
    {
      "module": "module.backend-vm",
      "mode": "managed",
      "type": "azurerm_network_interface",
      "name": "VM-NIC",
      "provider": "provider[\"registry.terraform.io/hashicorp/azurerm\"]",
      "instances": [
        {
          "schema_version": 0,
          "attributes": {
            "accelerated_networking_enabled": false,
            "applied_dns_servers": [],
            "auxiliary_mode": "",
            "auxiliary_sku": "",
            "dns_servers": null,
            "edge_zone": "",
            "id": "/subscriptions/19fa1140-ae73-433b-a3e6-3aab93fcf378/resourceGroups/todo-resource-group/providers/Microsoft.Network/networkInterfaces/nic-backend",
            "internal_dns_name_label": "",
            "internal_domain_name_suffix": "nnra1cnozwhezfgmyt1ugq4ruf.tx.internal.cloudapp.net",
            "ip_configuration": [
              {
                "gateway_load_balancer_frontend_ip_configuration_id": "",
                "name": "internal",
                "primary": true,
                "private_ip_address": "10.0.2.4",
                "private_ip_address_allocation": "Dynamic",
                "private_ip_address_version": "IPv4",
                "public_ip_address_id": "",
                "subnet_id": "/subscriptions/19fa1140-ae73-433b-a3e6-3aab93fcf378/resourceGroups/todo-resource-group/providers/Microsoft.Network/virtualNetworks/todo-vnet/subnets/backend-subnet"
              }
            ],
            "ip_forwarding_enabled": false,
            "location": "southindia",
            "mac_address": "",
            "name": "nic-backend",
            "private_ip_address": "10.0.2.4",
            "private_ip_addresses": [
              "10.0.2.4"
            ],
            "resource_group_name": "todo-resource-group",
            "tags": null,
            "timeouts": null,
            "virtual_machine_id": ""
          },
          "sensitive_attributes": [],
          "private": "eyJlMmJmYjczMC1lY2FhLTExZTYtOGY4OC0zNDM2M2JjN2M0YzAiOnsiY3JlYXRlIjoxODAwMDAwMDAwMDAwLCJkZWxldGUiOjE4MDAwMDAwMDAwMDAsInJlYWQiOjMwMDAwMDAwMDAwMCwidXBkYXRlIjoxODAwMDAwMDAwMDAwfX0=",
          "dependencies": [
            "module.backend-subnet.azurerm_subnet.Subnet-4-VM",
            "module.resource_group.azurerm_resource_group.resource_group",
            "module.virtual_network.azurerm_virtual_network.Vnet-3-Tier"
          ]
        }
      ]
    },
    {
      "module": "module.frontend-subnet",
      "mode": "managed",
      "type": "azurerm_subnet",
      "name": "Subnet-4-VM",
      "provider": "provider[\"registry.terraform.io/hashicorp/azurerm\"]",
      "instances": [
        {
          "schema_version": 0,
          "attributes": {
            "address_prefixes": [
              "10.0.1.0/24"
            ],
            "default_outbound_access_enabled": true,
            "delegation": [],
            "id": "/subscriptions/19fa1140-ae73-433b-a3e6-3aab93fcf378/resourceGroups/todo-resource-group/providers/Microsoft.Network/virtualNetworks/todo-vnet/subnets/frontend-subnet",
            "name": "frontend-subnet",
            "private_endpoint_network_policies": "Disabled",
            "private_link_service_network_policies_enabled": true,
            "resource_group_name": "todo-resource-group",
            "service_endpoint_policy_ids": [],
            "service_endpoints": [],
            "timeouts": null,
            "virtual_network_name": "todo-vnet"
          },
          "sensitive_attributes": [],
          "private": "eyJlMmJmYjczMC1lY2FhLTExZTYtOGY4OC0zNDM2M2JjN2M0YzAiOnsiY3JlYXRlIjoxODAwMDAwMDAwMDAwLCJkZWxldGUiOjE4MDAwMDAwMDAwMDAsInJlYWQiOjMwMDAwMDAwMDAwMCwidXBkYXRlIjoxODAwMDAwMDAwMDAwfX0=",
          "dependencies": [
            "module.resource_group.azurerm_resource_group.resource_group",
            "module.virtual_network.azurerm_virtual_network.Vnet-3-Tier"
          ]
        }
      ]
    },
    {
      "module": "module.frontend-vm",
      "mode": "managed",
      "type": "azurerm_linux_virtual_machine",
      "name": "VM-3-Tier",
      "provider": "provider[\"registry.terraform.io/hashicorp/azurerm\"]",
      "instances": [
        {
          "schema_version": 0,
          "attributes": {
            "additional_capabilities": [],
            "admin_password": "Pass@123456",
            "admin_ssh_key": [],
            "admin_username": "adminuser",
            "allow_extension_operations": true,
            "availability_set_id": "",
            "boot_diagnostics": [],
            "bypass_platform_safety_checks_on_user_schedule_enabled": false,
            "capacity_reservation_group_id": "",
            "computer_name": "todo-frontend-vm",
            "custom_data": null,
            "dedicated_host_group_id": "",
            "dedicated_host_id": "",
            "disable_password_authentication": false,
            "disk_controller_type": "",
            "edge_zone": "",
            "encryption_at_host_enabled": false,
            "eviction_policy": "",
            "extensions_time_budget": "PT1H30M",
            "gallery_application": [],
            "id": "/subscriptions/19fa1140-ae73-433b-a3e6-3aab93fcf378/resourceGroups/todo-resource-group/providers/Microsoft.Compute/virtualMachines/todo-frontend-vm",
            "identity": [],
            "license_type": "",
            "location": "southindia",
            "max_bid_price": -1,
            "name": "todo-frontend-vm",
            "network_interface_ids": [
              "/subscriptions/19fa1140-ae73-433b-a3e6-3aab93fcf378/resourceGroups/todo-resource-group/providers/Microsoft.Network/networkInterfaces/nic-frontend"
            ],
            "os_disk": [
              {
                "caching": "ReadWrite",
                "diff_disk_settings": [],
                "disk_encryption_set_id": "",
                "disk_size_gb": 30,
                "id": "/subscriptions/19fa1140-ae73-433b-a3e6-3aab93fcf378/resourceGroups/todo-resource-group/providers/Microsoft.Compute/disks/todo-frontend-vm_OsDisk_1_5fccf15869584096ad3f0a74a702066e",
                "name": "todo-frontend-vm_OsDisk_1_5fccf15869584096ad3f0a74a702066e",
                "secure_vm_disk_encryption_set_id": "",
                "security_encryption_type": "",
                "storage_account_type": "Standard_LRS",
                "write_accelerator_enabled": false
              }
            ],
            "os_image_notification": [],
            "patch_assessment_mode": "ImageDefault",
            "patch_mode": "ImageDefault",
            "plan": [],
            "platform_fault_domain": -1,
            "priority": "Regular",
            "private_ip_address": "10.0.1.4",
            "private_ip_addresses": [
              "10.0.1.4"
            ],
            "provision_vm_agent": true,
            "proximity_placement_group_id": "",
            "public_ip_address": "",
            "public_ip_addresses": [],
            "reboot_setting": "",
            "resource_group_name": "todo-resource-group",
            "secret": [],
            "secure_boot_enabled": false,
            "size": "Standard_B1s",
            "source_image_id": "",
            "source_image_reference": [
              {
                "offer": "0001-com-ubuntu-server-jammy",
                "publisher": "Canonical",
                "sku": "22_04-lts",
                "version": "latest"
              }
            ],
            "tags": null,
            "termination_notification": null,
            "timeouts": null,
            "user_data": "",
            "virtual_machine_id": "f1f9bbde-5bdb-442a-a931-de46e7fddc43",
            "virtual_machine_scale_set_id": "",
            "vm_agent_platform_updates_enabled": false,
            "vtpm_enabled": false,
            "zone": ""
          },
          "sensitive_attributes": [
            [
              {
                "type": "get_attr",
                "value": "admin_password"
              }
            ],
            [
              {
                "type": "get_attr",
                "value": "custom_data"
              }
            ]
          ],
          "private": "eyJlMmJmYjczMC1lY2FhLTExZTYtOGY4OC0zNDM2M2JjN2M0YzAiOnsiY3JlYXRlIjoyNzAwMDAwMDAwMDAwLCJkZWxldGUiOjI3MDAwMDAwMDAwMDAsInJlYWQiOjMwMDAwMDAwMDAwMCwidXBkYXRlIjoyNzAwMDAwMDAwMDAwfX0=",
          "dependencies": [
            "module.frontend-subnet.azurerm_subnet.Subnet-4-VM",
            "module.frontend-vm.azurerm_network_interface.VM-NIC",
            "module.resource_group.azurerm_resource_group.resource_group",
            "module.virtual_network.azurerm_virtual_network.Vnet-3-Tier"
          ]
        }
      ]
    },
    {
      "module": "module.frontend-vm",
      "mode": "managed",
      "type": "azurerm_network_interface",
      "name": "VM-NIC",
      "provider": "provider[\"registry.terraform.io/hashicorp/azurerm\"]",
      "instances": [
        {
          "schema_version": 0,
          "attributes": {
            "accelerated_networking_enabled": false,
            "applied_dns_servers": [],
            "auxiliary_mode": "",
            "auxiliary_sku": "",
            "dns_servers": null,
            "edge_zone": "",
            "id": "/subscriptions/19fa1140-ae73-433b-a3e6-3aab93fcf378/resourceGroups/todo-resource-group/providers/Microsoft.Network/networkInterfaces/nic-frontend",
            "internal_dns_name_label": "",
            "internal_domain_name_suffix": "nnra1cnozwhezfgmyt1ugq4ruf.tx.internal.cloudapp.net",
            "ip_configuration": [
              {
                "gateway_load_balancer_frontend_ip_configuration_id": "",
                "name": "internal",
                "primary": true,
                "private_ip_address": "10.0.1.4",
                "private_ip_address_allocation": "Dynamic",
                "private_ip_address_version": "IPv4",
                "public_ip_address_id": "",
                "subnet_id": "/subscriptions/19fa1140-ae73-433b-a3e6-3aab93fcf378/resourceGroups/todo-resource-group/providers/Microsoft.Network/virtualNetworks/todo-vnet/subnets/frontend-subnet"
              }
            ],
            "ip_forwarding_enabled": false,
            "location": "southindia",
            "mac_address": "",
            "name": "nic-frontend",
            "private_ip_address": "10.0.1.4",
            "private_ip_addresses": [
              "10.0.1.4"
            ],
            "resource_group_name": "todo-resource-group",
            "tags": null,
            "timeouts": null,
            "virtual_machine_id": ""
          },
          "sensitive_attributes": [],
          "private": "eyJlMmJmYjczMC1lY2FhLTExZTYtOGY4OC0zNDM2M2JjN2M0YzAiOnsiY3JlYXRlIjoxODAwMDAwMDAwMDAwLCJkZWxldGUiOjE4MDAwMDAwMDAwMDAsInJlYWQiOjMwMDAwMDAwMDAwMCwidXBkYXRlIjoxODAwMDAwMDAwMDAwfX0=",
          "dependencies": [
            "module.frontend-subnet.azurerm_subnet.Subnet-4-VM",
            "module.resource_group.azurerm_resource_group.resource_group",
            "module.virtual_network.azurerm_virtual_network.Vnet-3-Tier"
          ]
        }
      ]
    },
    {
      "module": "module.public_ip",
      "mode": "managed",
      "type": "azurerm_public_ip",
      "name": "pip",
      "provider": "provider[\"registry.terraform.io/hashicorp/azurerm\"]",
      "instances": [
        {
          "schema_version": 0,
          "attributes": {
            "allocation_method": "Static",
            "ddos_protection_mode": "VirtualNetworkInherited",
            "ddos_protection_plan_id": null,
            "domain_name_label": null,
            "domain_name_label_scope": null,
            "edge_zone": "",
            "fqdn": null,
            "id": "/subscriptions/19fa1140-ae73-433b-a3e6-3aab93fcf378/resourceGroups/todo-resource-group/providers/Microsoft.Network/publicIPAddresses/todo-public-ip",
            "idle_timeout_in_minutes": 4,
            "ip_address": "4.247.28.100",
            "ip_tags": null,
            "ip_version": "IPv4",
            "location": "southindia",
            "name": "todo-public-ip",
            "public_ip_prefix_id": null,
            "resource_group_name": "todo-resource-group",
            "reverse_fqdn": null,
            "sku": "Standard",
            "sku_tier": "Regional",
            "tags": null,
            "timeouts": null,
            "zones": null
          },
          "sensitive_attributes": [],
          "private": "eyJlMmJmYjczMC1lY2FhLTExZTYtOGY4OC0zNDM2M2JjN2M0YzAiOnsiY3JlYXRlIjoxODAwMDAwMDAwMDAwLCJkZWxldGUiOjE4MDAwMDAwMDAwMDAsInJlYWQiOjMwMDAwMDAwMDAwMCwidXBkYXRlIjoxODAwMDAwMDAwMDAwfX0=",
          "dependencies": [
            "module.resource_group.azurerm_resource_group.resource_group"
          ]
        }
      ]
    },
    {
      "module": "module.resource_group",
      "mode": "managed",
      "type": "azurerm_resource_group",
      "name": "resource_group",
      "provider": "provider[\"registry.terraform.io/hashicorp/azurerm\"]",
      "instances": [
        {
          "schema_version": 0,
          "attributes": {
            "id": "/subscriptions/19fa1140-ae73-433b-a3e6-3aab93fcf378/resourceGroups/todo-resource-group",
            "location": "southindia",
            "managed_by": "",
            "name": "todo-resource-group",
            "tags": {},
            "timeouts": null
          },
          "sensitive_attributes": [],
          "private": "eyJlMmJmYjczMC1lY2FhLTExZTYtOGY4OC0zNDM2M2JjN2M0YzAiOnsiY3JlYXRlIjo1NDAwMDAwMDAwMDAwLCJkZWxldGUiOjU0MDAwMDAwMDAwMDAsInJlYWQiOjMwMDAwMDAwMDAwMCwidXBkYXRlIjo1NDAwMDAwMDAwMDAwfX0="
        }
      ]
    },
    {
      "module": "module.virtual_network",
      "mode": "managed",
      "type": "azurerm_virtual_network",
      "name": "Vnet-3-Tier",
      "provider": "provider[\"registry.terraform.io/hashicorp/azurerm\"]",
      "instances": [
        {
          "schema_version": 0,
          "attributes": {
            "address_space": [
              "10.0.0.0/16"
            ],
            "bgp_community": "",
            "ddos_protection_plan": [],
            "dns_servers": [],
            "edge_zone": "",
            "encryption": [],
            "flow_timeout_in_minutes": 0,
            "guid": "890d626b-cdae-4c8e-94cc-c4f74343d1a5",
            "id": "/subscriptions/19fa1140-ae73-433b-a3e6-3aab93fcf378/resourceGroups/todo-resource-group/providers/Microsoft.Network/virtualNetworks/todo-vnet",
            "ip_address_pool": [],
            "location": "southindia",
            "name": "todo-vnet",
            "private_endpoint_vnet_policies": "Disabled",
            "resource_group_name": "todo-resource-group",
            "subnet": [
              {
                "address_prefixes": [
                  "10.0.1.0/24"
                ],
                "default_outbound_access_enabled": true,
                "delegation": [],
                "id": "/subscriptions/19fa1140-ae73-433b-a3e6-3aab93fcf378/resourceGroups/todo-resource-group/providers/Microsoft.Network/virtualNetworks/todo-vnet/subnets/frontend-subnet",
                "name": "frontend-subnet",
                "private_endpoint_network_policies": "Disabled",
                "private_link_service_network_policies_enabled": true,
                "route_table_id": "",
                "security_group": "",
                "service_endpoint_policy_ids": [],
                "service_endpoints": []
              },
              {
                "address_prefixes": [
                  "10.0.2.0/24"
                ],
                "default_outbound_access_enabled": true,
                "delegation": [],
                "id": "/subscriptions/19fa1140-ae73-433b-a3e6-3aab93fcf378/resourceGroups/todo-resource-group/providers/Microsoft.Network/virtualNetworks/todo-vnet/subnets/backend-subnet",
                "name": "backend-subnet",
                "private_endpoint_network_policies": "Disabled",
                "private_link_service_network_policies_enabled": true,
                "route_table_id": "",
                "security_group": "",
                "service_endpoint_policy_ids": [],
                "service_endpoints": []
              }
            ],
            "tags": {},
            "timeouts": null
          },
          "sensitive_attributes": [],
          "private": "eyJlMmJmYjczMC1lY2FhLTExZTYtOGY4OC0zNDM2M2JjN2M0YzAiOnsiY3JlYXRlIjoxODAwMDAwMDAwMDAwLCJkZWxldGUiOjE4MDAwMDAwMDAwMDAsInJlYWQiOjMwMDAwMDAwMDAwMCwidXBkYXRlIjoxODAwMDAwMDAwMDAwfX0=",
          "dependencies": [
            "module.resource_group.azurerm_resource_group.resource_group"
          ]
        }
      ]
    }
  ],
  "check_results": null
}
